// !$*UTF8*$!
{
	archiveVersion = 1;
	classes = {
	};
	objectVersion = 46;
	objects = {

/* Begin PBXBuildFile section */
		CAA884DF8AFAD476F8FF2992 /* libPods.a in Frameworks */ = {isa = PBXBuildFile; fileRef = 3006D387434D994484C9C87B /* libPods.a */; };
		D61AED1C1A97CB4400B2CC8B /* ControlsViewController.m in Sources */ = {isa = PBXBuildFile; fileRef = D61AED1B1A97CB4400B2CC8B /* ControlsViewController.m */; };
		D61AED261A97D1B300B2CC8B /* x_button@2x.png in Resources */ = {isa = PBXBuildFile; fileRef = D61AED251A97D1B300B2CC8B /* x_button@2x.png */; };
		D61AED281A97D40700B2CC8B /* inbox.png in Resources */ = {isa = PBXBuildFile; fileRef = D61AED271A97D40700B2CC8B /* inbox.png */; };
		D61AED2C1A97D60600B2CC8B /* CommentsViewController.m in Sources */ = {isa = PBXBuildFile; fileRef = D61AED2B1A97D60600B2CC8B /* CommentsViewController.m */; };
		D62FD1A71A96A98B00309390 /* NSDate-UTC.m in Sources */ = {isa = PBXBuildFile; fileRef = D62FD1A41A96A98B00309390 /* NSDate-UTC.m */; };
		D62FD1AC1A96A9A300309390 /* NSObject+PropertySupport.m in Sources */ = {isa = PBXBuildFile; fileRef = D62FD1AB1A96A9A300309390 /* NSObject+PropertySupport.m */; };
		D62FD1B01A96AA1100309390 /* NSString+FayeInflectionSupport.m in Sources */ = {isa = PBXBuildFile; fileRef = D62FD1AF1A96AA1100309390 /* NSString+FayeInflectionSupport.m */; };
		D62FD1BC1A96AAE500309390 /* NSData+Serialize.m in Sources */ = {isa = PBXBuildFile; fileRef = D62FD1B31A96AAE500309390 /* NSData+Serialize.m */; };
		D62FD1BD1A96AAE500309390 /* NSDate+Serialize.m in Sources */ = {isa = PBXBuildFile; fileRef = D62FD1B51A96AAE500309390 /* NSDate+Serialize.m */; };
		D62FD1BE1A96AAE500309390 /* NSDictionary+KeyTranslation.m in Sources */ = {isa = PBXBuildFile; fileRef = D62FD1B71A96AAE500309390 /* NSDictionary+KeyTranslation.m */; };
		D62FD1BF1A96AAE500309390 /* NSObject+Serialize.m in Sources */ = {isa = PBXBuildFile; fileRef = D62FD1B91A96AAE500309390 /* NSObject+Serialize.m */; };
		D62FD1C01A96AAE500309390 /* NSString+Serialize.m in Sources */ = {isa = PBXBuildFile; fileRef = D62FD1BB1A96AAE500309390 /* NSString+Serialize.m */; };
		D62FD1C41A96AB1700309390 /* ObjectiveResourceDateFormatter.m in Sources */ = {isa = PBXBuildFile; fileRef = D62FD1C31A96AB1700309390 /* ObjectiveResourceDateFormatter.m */; };
		D64FDA401A964C6F00727EF7 /* main.m in Sources */ = {isa = PBXBuildFile; fileRef = D64FDA3F1A964C6F00727EF7 /* main.m */; };
		D64FDA431A964C6F00727EF7 /* AppDelegate.m in Sources */ = {isa = PBXBuildFile; fileRef = D64FDA421A964C6F00727EF7 /* AppDelegate.m */; };
		D64FDA461A964C6F00727EF7 /* ViewController.m in Sources */ = {isa = PBXBuildFile; fileRef = D64FDA451A964C6F00727EF7 /* ViewController.m */; };
		D64FDA4B1A964C6F00727EF7 /* Images.xcassets in Resources */ = {isa = PBXBuildFile; fileRef = D64FDA4A1A964C6F00727EF7 /* Images.xcassets */; };
		D64FDA5A1A964C6F00727EF7 /* opentokdemoTests.m in Sources */ = {isa = PBXBuildFile; fileRef = D64FDA591A964C6F00727EF7 /* opentokdemoTests.m */; };
		D64FDA641A964C8000727EF7 /* OpenTok.framework in Frameworks */ = {isa = PBXBuildFile; fileRef = D64FDA631A964C8000727EF7 /* OpenTok.framework */; };
		D64FDA681A964DD700727EF7 /* libicucore.dylib in Frameworks */ = {isa = PBXBuildFile; fileRef = D64FDA671A964DD700727EF7 /* libicucore.dylib */; };
		D64FDA6A1A964DE300727EF7 /* libc++.dylib in Frameworks */ = {isa = PBXBuildFile; fileRef = D64FDA691A964DE300727EF7 /* libc++.dylib */; };
		D64FDA6C1A964DEC00727EF7 /* VideoToolbox.framework in Frameworks */ = {isa = PBXBuildFile; fileRef = D64FDA6B1A964DEC00727EF7 /* VideoToolbox.framework */; };
		D64FDA6E1A964DF700727EF7 /* libstdc++.dylib in Frameworks */ = {isa = PBXBuildFile; fileRef = D64FDA6D1A964DF700727EF7 /* libstdc++.dylib */; };
		D64FDA701A964E0000727EF7 /* libstdc++.6.0.9.dylib in Frameworks */ = {isa = PBXBuildFile; fileRef = D64FDA6F1A964E0000727EF7 /* libstdc++.6.0.9.dylib */; };
		D64FDA721A964E0900727EF7 /* libpthread.dylib in Frameworks */ = {isa = PBXBuildFile; fileRef = D64FDA711A964E0900727EF7 /* libpthread.dylib */; };
		D64FDA741A964E1300727EF7 /* libsqlite3.dylib in Frameworks */ = {isa = PBXBuildFile; fileRef = D64FDA731A964E1300727EF7 /* libsqlite3.dylib */; };
		D64FDA761A964E1E00727EF7 /* libxml2.dylib in Frameworks */ = {isa = PBXBuildFile; fileRef = D64FDA751A964E1E00727EF7 /* libxml2.dylib */; };
		D64FDA781A964E2500727EF7 /* GLKit.framework in Frameworks */ = {isa = PBXBuildFile; fileRef = D64FDA771A964E2500727EF7 /* GLKit.framework */; };
		D64FDA7A1A964E2C00727EF7 /* SystemConfiguration.framework in Frameworks */ = {isa = PBXBuildFile; fileRef = D64FDA791A964E2C00727EF7 /* SystemConfiguration.framework */; };
		D64FDA7C1A964E3400727EF7 /* CoreTelephony.framework in Frameworks */ = {isa = PBXBuildFile; fileRef = D64FDA7B1A964E3400727EF7 /* CoreTelephony.framework */; };
		D64FDA7E1A964E3A00727EF7 /* OpenGLES.framework in Frameworks */ = {isa = PBXBuildFile; fileRef = D64FDA7D1A964E3A00727EF7 /* OpenGLES.framework */; };
		D64FDA801A964E4100727EF7 /* CoreVideo.framework in Frameworks */ = {isa = PBXBuildFile; fileRef = D64FDA7F1A964E4100727EF7 /* CoreVideo.framework */; };
		D64FDA821A964E4600727EF7 /* CoreMedia.framework in Frameworks */ = {isa = PBXBuildFile; fileRef = D64FDA811A964E4600727EF7 /* CoreMedia.framework */; };
		D64FDA841A964E4C00727EF7 /* AudioToolbox.framework in Frameworks */ = {isa = PBXBuildFile; fileRef = D64FDA831A964E4C00727EF7 /* AudioToolbox.framework */; };
		D64FDA861A964E5700727EF7 /* AVFoundation.framework in Frameworks */ = {isa = PBXBuildFile; fileRef = D64FDA851A964E5700727EF7 /* AVFoundation.framework */; };
		D64FDA881A964E5C00727EF7 /* QuartzCore.framework in Frameworks */ = {isa = PBXBuildFile; fileRef = D64FDA871A964E5C00727EF7 /* QuartzCore.framework */; };
		D64FDA8A1A964E6600727EF7 /* Foundation.framework in Frameworks */ = {isa = PBXBuildFile; fileRef = D64FDA891A964E6600727EF7 /* Foundation.framework */; };
		D64FDA8C1A964E6C00727EF7 /* CoreGraphics.framework in Frameworks */ = {isa = PBXBuildFile; fileRef = D64FDA8B1A964E6C00727EF7 /* CoreGraphics.framework */; };
		D64FDA8E1A964E7200727EF7 /* UIKit.framework in Frameworks */ = {isa = PBXBuildFile; fileRef = D64FDA8D1A964E7200727EF7 /* UIKit.framework */; };
		D64FDA931A965A2600727EF7 /* libxml2.2.dylib in Frameworks */ = {isa = PBXBuildFile; fileRef = D64FDA921A965A2600727EF7 /* libxml2.2.dylib */; };
		D64FDA951A965A3400727EF7 /* AssetsLibrary.framework in Frameworks */ = {isa = PBXBuildFile; fileRef = D64FDA941A965A3400727EF7 /* AssetsLibrary.framework */; };
		D64FDA971A965A3E00727EF7 /* MobileCoreServices.framework in Frameworks */ = {isa = PBXBuildFile; fileRef = D64FDA961A965A3E00727EF7 /* MobileCoreServices.framework */; };
		D64FDA991A965A6200727EF7 /* CoreAudio.framework in Frameworks */ = {isa = PBXBuildFile; fileRef = D64FDA981A965A6200727EF7 /* CoreAudio.framework */; };
		D64FDA9B1A965A7200727EF7 /* CFNetwork.framework in Frameworks */ = {isa = PBXBuildFile; fileRef = D64FDA9A1A965A7200727EF7 /* CFNetwork.framework */; };
		D64FDA9E1A965ABE00727EF7 /* Security.framework in Frameworks */ = {isa = PBXBuildFile; fileRef = D64FDA9C1A965A7E00727EF7 /* Security.framework */; };
		D64FDAB81A965E2500727EF7 /* ChoiceViewController.m in Sources */ = {isa = PBXBuildFile; fileRef = D64FDAB71A965E2500727EF7 /* ChoiceViewController.m */; };
		D660812E1A96ABD5001D9968 /* FayeClient.m in Sources */ = {isa = PBXBuildFile; fileRef = D660812B1A96ABD5001D9968 /* FayeClient.m */; };
		D660812F1A96ABD5001D9968 /* FayeMessage.m in Sources */ = {isa = PBXBuildFile; fileRef = D660812D1A96ABD5001D9968 /* FayeMessage.m */; };
		D66081331A96B26F001D9968 /* red_frame.png in Resources */ = {isa = PBXBuildFile; fileRef = D66081311A96B26F001D9968 /* red_frame.png */; };
		D66081371A96B316001D9968 /* vertical_red.png in Resources */ = {isa = PBXBuildFile; fileRef = D66081351A96B316001D9968 /* vertical_red.png */; };
		D660813B1A97B9A0001D9968 /* IMG_1166.JPG in Resources */ = {isa = PBXBuildFile; fileRef = D660813A1A97B9A0001D9968 /* IMG_1166.JPG */; };
		D66C62831A98060500385A35 /* CreateGameViewController.m in Sources */ = {isa = PBXBuildFile; fileRef = D66C62821A98060500385A35 /* CreateGameViewController.m */; };
		D66C62871A990B2000385A35 /* create.png in Resources */ = {isa = PBXBuildFile; fileRef = D66C62861A990B2000385A35 /* create.png */; };
		D66C62891A990D5B00385A35 /* icon.png in Resources */ = {isa = PBXBuildFile; fileRef = D66C62881A990D5B00385A35 /* icon.png */; };
		D66C628B1A992EC900385A35 /* controller.png in Resources */ = {isa = PBXBuildFile; fileRef = D66C628A1A992EC900385A35 /* controller.png */; };
		D66C628D1A993DA900385A35 /* backB.png in Resources */ = {isa = PBXBuildFile; fileRef = D66C628C1A993DA900385A35 /* backB.png */; };
		D66C628F1A993EB700385A35 /* commentB.png in Resources */ = {isa = PBXBuildFile; fileRef = D66C628E1A993EB700385A35 /* commentB.png */; };
		D66C62911A9BFD6500385A35 /* list.png in Resources */ = {isa = PBXBuildFile; fileRef = D66C62901A9BFD6500385A35 /* list.png */; };
		D6CBA1C31A97DEA600061B89 /* send.png in Resources */ = {isa = PBXBuildFile; fileRef = D6CBA1C21A97DEA600061B89 /* send.png */; };
		D6CBA1C61A97DF1A00061B89 /* BABFrameObservingInputAccessoryView.m in Sources */ = {isa = PBXBuildFile; fileRef = D6CBA1C51A97DF1A00061B89 /* BABFrameObservingInputAccessoryView.m */; };
		D6CBA1CC1A97E60A00061B89 /* left.png in Resources */ = {isa = PBXBuildFile; fileRef = D6CBA1C71A97E60A00061B89 /* left.png */; };
		D6CBA1CD1A97E60A00061B89 /* middle.png in Resources */ = {isa = PBXBuildFile; fileRef = D6CBA1C81A97E60A00061B89 /* middle.png */; };
		D6CBA1CE1A97E60A00061B89 /* right.png in Resources */ = {isa = PBXBuildFile; fileRef = D6CBA1C91A97E60A00061B89 /* right.png */; };
		D6CBA1CF1A97E60A00061B89 /* forward.png in Resources */ = {isa = PBXBuildFile; fileRef = D6CBA1CA1A97E60A00061B89 /* forward.png */; };
		D6CBA1D01A97E60A00061B89 /* back.png in Resources */ = {isa = PBXBuildFile; fileRef = D6CBA1CB1A97E60A00061B89 /* back.png */; };
		D6CBA1D21A97E75B00061B89 /* button.png in Resources */ = {isa = PBXBuildFile; fileRef = D6CBA1D11A97E75B00061B89 /* button.png */; };
		D6CBD8CD1A96998300331AFD /* StoreKit.framework in Frameworks */ = {isa = PBXBuildFile; fileRef = D6CBD8CC1A96998300331AFD /* StoreKit.framework */; };
		D6CBD8CF1A9699C000331AFD /* CoreData.framework in Frameworks */ = {isa = PBXBuildFile; fileRef = D6CBD8CE1A9699C000331AFD /* CoreData.framework */; };
		F59C30A91A9CE5A20029FF01 /* NewSubscribeViewController.m in Sources */ = {isa = PBXBuildFile; fileRef = F59C30A81A9CE5A20029FF01 /* NewSubscribeViewController.m */; };
		F59C30AC1A9CEB530029FF01 /* CommentTableViewCell.m in Sources */ = {isa = PBXBuildFile; fileRef = F59C30AB1A9CEB530029FF01 /* CommentTableViewCell.m */; };
/* End PBXBuildFile section */

/* Begin PBXContainerItemProxy section */
		D64FDA541A964C6F00727EF7 /* PBXContainerItemProxy */ = {
			isa = PBXContainerItemProxy;
			containerPortal = D64FDA321A964C6F00727EF7 /* Project object */;
			proxyType = 1;
			remoteGlobalIDString = D64FDA391A964C6F00727EF7;
			remoteInfo = opentokdemo;
		};
/* End PBXContainerItemProxy section */

/* Begin PBXFileReference section */
		3006D387434D994484C9C87B /* libPods.a */ = {isa = PBXFileReference; explicitFileType = archive.ar; includeInIndex = 0; path = libPods.a; sourceTree = BUILT_PRODUCTS_DIR; };
		802E61FCEE667901BDE97D05 /* Pods.release.xcconfig */ = {isa = PBXFileReference; includeInIndex = 1; lastKnownFileType = text.xcconfig; name = Pods.release.xcconfig; path = "Pods/Target Support Files/Pods/Pods.release.xcconfig"; sourceTree = "<group>"; };
		D61AED1A1A97CB4400B2CC8B /* ControlsViewController.h */ = {isa = PBXFileReference; fileEncoding = 4; lastKnownFileType = sourcecode.c.h; path = ControlsViewController.h; sourceTree = "<group>"; };
		D61AED1B1A97CB4400B2CC8B /* ControlsViewController.m */ = {isa = PBXFileReference; fileEncoding = 4; lastKnownFileType = sourcecode.c.objc; path = ControlsViewController.m; sourceTree = "<group>"; };
		D61AED251A97D1B300B2CC8B /* x_button@2x.png */ = {isa = PBXFileReference; lastKnownFileType = image.png; path = "x_button@2x.png"; sourceTree = "<group>"; };
		D61AED271A97D40700B2CC8B /* inbox.png */ = {isa = PBXFileReference; lastKnownFileType = image.png; path = inbox.png; sourceTree = "<group>"; };
		D61AED2A1A97D60600B2CC8B /* CommentsViewController.h */ = {isa = PBXFileReference; fileEncoding = 4; lastKnownFileType = sourcecode.c.h; path = CommentsViewController.h; sourceTree = "<group>"; };
		D61AED2B1A97D60600B2CC8B /* CommentsViewController.m */ = {isa = PBXFileReference; fileEncoding = 4; lastKnownFileType = sourcecode.c.objc; path = CommentsViewController.m; sourceTree = "<group>"; };
		D62FD1A31A96A98B00309390 /* NSDate-UTC.h */ = {isa = PBXFileReference; fileEncoding = 4; lastKnownFileType = sourcecode.c.h; path = "NSDate-UTC.h"; sourceTree = "<group>"; };
		D62FD1A41A96A98B00309390 /* NSDate-UTC.m */ = {isa = PBXFileReference; fileEncoding = 4; lastKnownFileType = sourcecode.c.objc; path = "NSDate-UTC.m"; sourceTree = "<group>"; };
		D62FD1AA1A96A9A300309390 /* NSObject+PropertySupport.h */ = {isa = PBXFileReference; fileEncoding = 4; lastKnownFileType = sourcecode.c.h; path = "NSObject+PropertySupport.h"; sourceTree = "<group>"; };
		D62FD1AB1A96A9A300309390 /* NSObject+PropertySupport.m */ = {isa = PBXFileReference; fileEncoding = 4; lastKnownFileType = sourcecode.c.objc; path = "NSObject+PropertySupport.m"; sourceTree = "<group>"; };
		D62FD1AE1A96AA1100309390 /* NSString+FayeInflectionSupport.h */ = {isa = PBXFileReference; fileEncoding = 4; lastKnownFileType = sourcecode.c.h; path = "NSString+FayeInflectionSupport.h"; sourceTree = "<group>"; };
		D62FD1AF1A96AA1100309390 /* NSString+FayeInflectionSupport.m */ = {isa = PBXFileReference; fileEncoding = 4; lastKnownFileType = sourcecode.c.objc; path = "NSString+FayeInflectionSupport.m"; sourceTree = "<group>"; };
		D62FD1B21A96AAE500309390 /* NSData+Serialize.h */ = {isa = PBXFileReference; fileEncoding = 4; lastKnownFileType = sourcecode.c.h; path = "NSData+Serialize.h"; sourceTree = "<group>"; };
		D62FD1B31A96AAE500309390 /* NSData+Serialize.m */ = {isa = PBXFileReference; fileEncoding = 4; lastKnownFileType = sourcecode.c.objc; path = "NSData+Serialize.m"; sourceTree = "<group>"; };
		D62FD1B41A96AAE500309390 /* NSDate+Serialize.h */ = {isa = PBXFileReference; fileEncoding = 4; lastKnownFileType = sourcecode.c.h; path = "NSDate+Serialize.h"; sourceTree = "<group>"; };
		D62FD1B51A96AAE500309390 /* NSDate+Serialize.m */ = {isa = PBXFileReference; fileEncoding = 4; lastKnownFileType = sourcecode.c.objc; path = "NSDate+Serialize.m"; sourceTree = "<group>"; };
		D62FD1B61A96AAE500309390 /* NSDictionary+KeyTranslation.h */ = {isa = PBXFileReference; fileEncoding = 4; lastKnownFileType = sourcecode.c.h; path = "NSDictionary+KeyTranslation.h"; sourceTree = "<group>"; };
		D62FD1B71A96AAE500309390 /* NSDictionary+KeyTranslation.m */ = {isa = PBXFileReference; fileEncoding = 4; lastKnownFileType = sourcecode.c.objc; path = "NSDictionary+KeyTranslation.m"; sourceTree = "<group>"; };
		D62FD1B81A96AAE500309390 /* NSObject+Serialize.h */ = {isa = PBXFileReference; fileEncoding = 4; lastKnownFileType = sourcecode.c.h; path = "NSObject+Serialize.h"; sourceTree = "<group>"; };
		D62FD1B91A96AAE500309390 /* NSObject+Serialize.m */ = {isa = PBXFileReference; fileEncoding = 4; lastKnownFileType = sourcecode.c.objc; path = "NSObject+Serialize.m"; sourceTree = "<group>"; };
		D62FD1BA1A96AAE500309390 /* NSString+Serialize.h */ = {isa = PBXFileReference; fileEncoding = 4; lastKnownFileType = sourcecode.c.h; path = "NSString+Serialize.h"; sourceTree = "<group>"; };
		D62FD1BB1A96AAE500309390 /* NSString+Serialize.m */ = {isa = PBXFileReference; fileEncoding = 4; lastKnownFileType = sourcecode.c.objc; path = "NSString+Serialize.m"; sourceTree = "<group>"; };
		D62FD1C21A96AB1700309390 /* ObjectiveResourceDateFormatter.h */ = {isa = PBXFileReference; fileEncoding = 4; lastKnownFileType = sourcecode.c.h; path = ObjectiveResourceDateFormatter.h; sourceTree = "<group>"; };
		D62FD1C31A96AB1700309390 /* ObjectiveResourceDateFormatter.m */ = {isa = PBXFileReference; fileEncoding = 4; lastKnownFileType = sourcecode.c.objc; path = ObjectiveResourceDateFormatter.m; sourceTree = "<group>"; };
		D64FDA3A1A964C6F00727EF7 /* opentokdemo.app */ = {isa = PBXFileReference; explicitFileType = wrapper.application; includeInIndex = 0; path = opentokdemo.app; sourceTree = BUILT_PRODUCTS_DIR; };
		D64FDA3E1A964C6F00727EF7 /* Info.plist */ = {isa = PBXFileReference; lastKnownFileType = text.plist.xml; path = Info.plist; sourceTree = "<group>"; };
		D64FDA3F1A964C6F00727EF7 /* main.m */ = {isa = PBXFileReference; lastKnownFileType = sourcecode.c.objc; path = main.m; sourceTree = "<group>"; };
		D64FDA411A964C6F00727EF7 /* AppDelegate.h */ = {isa = PBXFileReference; lastKnownFileType = sourcecode.c.h; path = AppDelegate.h; sourceTree = "<group>"; };
		D64FDA421A964C6F00727EF7 /* AppDelegate.m */ = {isa = PBXFileReference; lastKnownFileType = sourcecode.c.objc; path = AppDelegate.m; sourceTree = "<group>"; };
		D64FDA441A964C6F00727EF7 /* ViewController.h */ = {isa = PBXFileReference; lastKnownFileType = sourcecode.c.h; path = ViewController.h; sourceTree = "<group>"; };
		D64FDA451A964C6F00727EF7 /* ViewController.m */ = {isa = PBXFileReference; lastKnownFileType = sourcecode.c.objc; path = ViewController.m; sourceTree = "<group>"; };
		D64FDA4A1A964C6F00727EF7 /* Images.xcassets */ = {isa = PBXFileReference; lastKnownFileType = folder.assetcatalog; path = Images.xcassets; sourceTree = "<group>"; };
		D64FDA531A964C6F00727EF7 /* opentokdemoTests.xctest */ = {isa = PBXFileReference; explicitFileType = wrapper.cfbundle; includeInIndex = 0; path = opentokdemoTests.xctest; sourceTree = BUILT_PRODUCTS_DIR; };
		D64FDA581A964C6F00727EF7 /* Info.plist */ = {isa = PBXFileReference; lastKnownFileType = text.plist.xml; path = Info.plist; sourceTree = "<group>"; };
		D64FDA591A964C6F00727EF7 /* opentokdemoTests.m */ = {isa = PBXFileReference; lastKnownFileType = sourcecode.c.objc; path = opentokdemoTests.m; sourceTree = "<group>"; };
		D64FDA631A964C8000727EF7 /* OpenTok.framework */ = {isa = PBXFileReference; lastKnownFileType = wrapper.framework; path = OpenTok.framework; sourceTree = "<group>"; };
		D64FDA671A964DD700727EF7 /* libicucore.dylib */ = {isa = PBXFileReference; lastKnownFileType = "compiled.mach-o.dylib"; name = libicucore.dylib; path = usr/lib/libicucore.dylib; sourceTree = SDKROOT; };
		D64FDA691A964DE300727EF7 /* libc++.dylib */ = {isa = PBXFileReference; lastKnownFileType = "compiled.mach-o.dylib"; name = "libc++.dylib"; path = "usr/lib/libc++.dylib"; sourceTree = SDKROOT; };
		D64FDA6B1A964DEC00727EF7 /* VideoToolbox.framework */ = {isa = PBXFileReference; lastKnownFileType = wrapper.framework; name = VideoToolbox.framework; path = System/Library/Frameworks/VideoToolbox.framework; sourceTree = SDKROOT; };
		D64FDA6D1A964DF700727EF7 /* libstdc++.dylib */ = {isa = PBXFileReference; lastKnownFileType = "compiled.mach-o.dylib"; name = "libstdc++.dylib"; path = "usr/lib/libstdc++.dylib"; sourceTree = SDKROOT; };
		D64FDA6F1A964E0000727EF7 /* libstdc++.6.0.9.dylib */ = {isa = PBXFileReference; lastKnownFileType = "compiled.mach-o.dylib"; name = "libstdc++.6.0.9.dylib"; path = "usr/lib/libstdc++.6.0.9.dylib"; sourceTree = SDKROOT; };
		D64FDA711A964E0900727EF7 /* libpthread.dylib */ = {isa = PBXFileReference; lastKnownFileType = "compiled.mach-o.dylib"; name = libpthread.dylib; path = usr/lib/libpthread.dylib; sourceTree = SDKROOT; };
		D64FDA731A964E1300727EF7 /* libsqlite3.dylib */ = {isa = PBXFileReference; lastKnownFileType = "compiled.mach-o.dylib"; name = libsqlite3.dylib; path = usr/lib/libsqlite3.dylib; sourceTree = SDKROOT; };
		D64FDA751A964E1E00727EF7 /* libxml2.dylib */ = {isa = PBXFileReference; lastKnownFileType = "compiled.mach-o.dylib"; name = libxml2.dylib; path = usr/lib/libxml2.dylib; sourceTree = SDKROOT; };
		D64FDA771A964E2500727EF7 /* GLKit.framework */ = {isa = PBXFileReference; lastKnownFileType = wrapper.framework; name = GLKit.framework; path = System/Library/Frameworks/GLKit.framework; sourceTree = SDKROOT; };
		D64FDA791A964E2C00727EF7 /* SystemConfiguration.framework */ = {isa = PBXFileReference; lastKnownFileType = wrapper.framework; name = SystemConfiguration.framework; path = System/Library/Frameworks/SystemConfiguration.framework; sourceTree = SDKROOT; };
		D64FDA7B1A964E3400727EF7 /* CoreTelephony.framework */ = {isa = PBXFileReference; lastKnownFileType = wrapper.framework; name = CoreTelephony.framework; path = System/Library/Frameworks/CoreTelephony.framework; sourceTree = SDKROOT; };
		D64FDA7D1A964E3A00727EF7 /* OpenGLES.framework */ = {isa = PBXFileReference; lastKnownFileType = wrapper.framework; name = OpenGLES.framework; path = System/Library/Frameworks/OpenGLES.framework; sourceTree = SDKROOT; };
		D64FDA7F1A964E4100727EF7 /* CoreVideo.framework */ = {isa = PBXFileReference; lastKnownFileType = wrapper.framework; name = CoreVideo.framework; path = System/Library/Frameworks/CoreVideo.framework; sourceTree = SDKROOT; };
		D64FDA811A964E4600727EF7 /* CoreMedia.framework */ = {isa = PBXFileReference; lastKnownFileType = wrapper.framework; name = CoreMedia.framework; path = System/Library/Frameworks/CoreMedia.framework; sourceTree = SDKROOT; };
		D64FDA831A964E4C00727EF7 /* AudioToolbox.framework */ = {isa = PBXFileReference; lastKnownFileType = wrapper.framework; name = AudioToolbox.framework; path = System/Library/Frameworks/AudioToolbox.framework; sourceTree = SDKROOT; };
		D64FDA851A964E5700727EF7 /* AVFoundation.framework */ = {isa = PBXFileReference; lastKnownFileType = wrapper.framework; name = AVFoundation.framework; path = System/Library/Frameworks/AVFoundation.framework; sourceTree = SDKROOT; };
		D64FDA871A964E5C00727EF7 /* QuartzCore.framework */ = {isa = PBXFileReference; lastKnownFileType = wrapper.framework; name = QuartzCore.framework; path = System/Library/Frameworks/QuartzCore.framework; sourceTree = SDKROOT; };
		D64FDA891A964E6600727EF7 /* Foundation.framework */ = {isa = PBXFileReference; lastKnownFileType = wrapper.framework; name = Foundation.framework; path = System/Library/Frameworks/Foundation.framework; sourceTree = SDKROOT; };
		D64FDA8B1A964E6C00727EF7 /* CoreGraphics.framework */ = {isa = PBXFileReference; lastKnownFileType = wrapper.framework; name = CoreGraphics.framework; path = System/Library/Frameworks/CoreGraphics.framework; sourceTree = SDKROOT; };
		D64FDA8D1A964E7200727EF7 /* UIKit.framework */ = {isa = PBXFileReference; lastKnownFileType = wrapper.framework; name = UIKit.framework; path = System/Library/Frameworks/UIKit.framework; sourceTree = SDKROOT; };
		D64FDA921A965A2600727EF7 /* libxml2.2.dylib */ = {isa = PBXFileReference; lastKnownFileType = "compiled.mach-o.dylib"; name = libxml2.2.dylib; path = usr/lib/libxml2.2.dylib; sourceTree = SDKROOT; };
		D64FDA941A965A3400727EF7 /* AssetsLibrary.framework */ = {isa = PBXFileReference; lastKnownFileType = wrapper.framework; name = AssetsLibrary.framework; path = System/Library/Frameworks/AssetsLibrary.framework; sourceTree = SDKROOT; };
		D64FDA961A965A3E00727EF7 /* MobileCoreServices.framework */ = {isa = PBXFileReference; lastKnownFileType = wrapper.framework; name = MobileCoreServices.framework; path = System/Library/Frameworks/MobileCoreServices.framework; sourceTree = SDKROOT; };
		D64FDA981A965A6200727EF7 /* CoreAudio.framework */ = {isa = PBXFileReference; lastKnownFileType = wrapper.framework; name = CoreAudio.framework; path = System/Library/Frameworks/CoreAudio.framework; sourceTree = SDKROOT; };
		D64FDA9A1A965A7200727EF7 /* CFNetwork.framework */ = {isa = PBXFileReference; lastKnownFileType = wrapper.framework; name = CFNetwork.framework; path = System/Library/Frameworks/CFNetwork.framework; sourceTree = SDKROOT; };
		D64FDA9C1A965A7E00727EF7 /* Security.framework */ = {isa = PBXFileReference; lastKnownFileType = wrapper.framework; name = Security.framework; path = System/Library/Frameworks/Security.framework; sourceTree = SDKROOT; };
		D64FDAB61A965E2500727EF7 /* ChoiceViewController.h */ = {isa = PBXFileReference; fileEncoding = 4; lastKnownFileType = sourcecode.c.h; path = ChoiceViewController.h; sourceTree = "<group>"; };
		D64FDAB71A965E2500727EF7 /* ChoiceViewController.m */ = {isa = PBXFileReference; fileEncoding = 4; lastKnownFileType = sourcecode.c.objc; path = ChoiceViewController.m; sourceTree = "<group>"; };
		D660812A1A96ABD5001D9968 /* FayeClient.h */ = {isa = PBXFileReference; fileEncoding = 4; lastKnownFileType = sourcecode.c.h; path = FayeClient.h; sourceTree = "<group>"; };
		D660812B1A96ABD5001D9968 /* FayeClient.m */ = {isa = PBXFileReference; fileEncoding = 4; lastKnownFileType = sourcecode.c.objc; path = FayeClient.m; sourceTree = "<group>"; };
		D660812C1A96ABD5001D9968 /* FayeMessage.h */ = {isa = PBXFileReference; fileEncoding = 4; lastKnownFileType = sourcecode.c.h; path = FayeMessage.h; sourceTree = "<group>"; };
		D660812D1A96ABD5001D9968 /* FayeMessage.m */ = {isa = PBXFileReference; fileEncoding = 4; lastKnownFileType = sourcecode.c.objc; path = FayeMessage.m; sourceTree = "<group>"; };
		D66081311A96B26F001D9968 /* red_frame.png */ = {isa = PBXFileReference; lastKnownFileType = image.png; path = red_frame.png; sourceTree = "<group>"; };
		D66081351A96B316001D9968 /* vertical_red.png */ = {isa = PBXFileReference; lastKnownFileType = image.png; path = vertical_red.png; sourceTree = "<group>"; };
		D660813A1A97B9A0001D9968 /* IMG_1166.JPG */ = {isa = PBXFileReference; lastKnownFileType = image.jpeg; path = IMG_1166.JPG; sourceTree = "<group>"; };
		D66C62811A98060500385A35 /* CreateGameViewController.h */ = {isa = PBXFileReference; fileEncoding = 4; lastKnownFileType = sourcecode.c.h; path = CreateGameViewController.h; sourceTree = "<group>"; };
		D66C62821A98060500385A35 /* CreateGameViewController.m */ = {isa = PBXFileReference; fileEncoding = 4; lastKnownFileType = sourcecode.c.objc; path = CreateGameViewController.m; sourceTree = "<group>"; };
		D66C62861A990B2000385A35 /* create.png */ = {isa = PBXFileReference; lastKnownFileType = image.png; path = create.png; sourceTree = "<group>"; };
		D66C62881A990D5B00385A35 /* icon.png */ = {isa = PBXFileReference; lastKnownFileType = image.png; path = icon.png; sourceTree = "<group>"; };
		D66C628A1A992EC900385A35 /* controller.png */ = {isa = PBXFileReference; lastKnownFileType = image.png; path = controller.png; sourceTree = "<group>"; };
		D66C628C1A993DA900385A35 /* backB.png */ = {isa = PBXFileReference; lastKnownFileType = image.png; path = backB.png; sourceTree = "<group>"; };
		D66C628E1A993EB700385A35 /* commentB.png */ = {isa = PBXFileReference; lastKnownFileType = image.png; path = commentB.png; sourceTree = "<group>"; };
		D66C62901A9BFD6500385A35 /* list.png */ = {isa = PBXFileReference; lastKnownFileType = image.png; path = list.png; sourceTree = "<group>"; };
		D6CBA1C21A97DEA600061B89 /* send.png */ = {isa = PBXFileReference; lastKnownFileType = image.png; path = send.png; sourceTree = "<group>"; };
		D6CBA1C41A97DF1A00061B89 /* BABFrameObservingInputAccessoryView.h */ = {isa = PBXFileReference; fileEncoding = 4; lastKnownFileType = sourcecode.c.h; path = BABFrameObservingInputAccessoryView.h; sourceTree = "<group>"; };
		D6CBA1C51A97DF1A00061B89 /* BABFrameObservingInputAccessoryView.m */ = {isa = PBXFileReference; fileEncoding = 4; lastKnownFileType = sourcecode.c.objc; path = BABFrameObservingInputAccessoryView.m; sourceTree = "<group>"; };
		D6CBA1C71A97E60A00061B89 /* left.png */ = {isa = PBXFileReference; lastKnownFileType = image.png; path = left.png; sourceTree = "<group>"; };
		D6CBA1C81A97E60A00061B89 /* middle.png */ = {isa = PBXFileReference; lastKnownFileType = image.png; path = middle.png; sourceTree = "<group>"; };
		D6CBA1C91A97E60A00061B89 /* right.png */ = {isa = PBXFileReference; lastKnownFileType = image.png; path = right.png; sourceTree = "<group>"; };
		D6CBA1CA1A97E60A00061B89 /* forward.png */ = {isa = PBXFileReference; lastKnownFileType = image.png; path = forward.png; sourceTree = "<group>"; };
		D6CBA1CB1A97E60A00061B89 /* back.png */ = {isa = PBXFileReference; lastKnownFileType = image.png; path = back.png; sourceTree = "<group>"; };
		D6CBA1D11A97E75B00061B89 /* button.png */ = {isa = PBXFileReference; lastKnownFileType = image.png; path = button.png; sourceTree = "<group>"; };
		D6CBD8CC1A96998300331AFD /* StoreKit.framework */ = {isa = PBXFileReference; lastKnownFileType = wrapper.framework; name = StoreKit.framework; path = System/Library/Frameworks/StoreKit.framework; sourceTree = SDKROOT; };
		D6CBD8CE1A9699C000331AFD /* CoreData.framework */ = {isa = PBXFileReference; lastKnownFileType = wrapper.framework; name = CoreData.framework; path = System/Library/Frameworks/CoreData.framework; sourceTree = SDKROOT; };
		F07175BEF37505A312CF47EF /* Pods.debug.xcconfig */ = {isa = PBXFileReference; includeInIndex = 1; lastKnownFileType = text.xcconfig; name = Pods.debug.xcconfig; path = "Pods/Target Support Files/Pods/Pods.debug.xcconfig"; sourceTree = "<group>"; };
		F59C30A71A9CE5A20029FF01 /* NewSubscribeViewController.h */ = {isa = PBXFileReference; fileEncoding = 4; lastKnownFileType = sourcecode.c.h; path = NewSubscribeViewController.h; sourceTree = "<group>"; };
		F59C30A81A9CE5A20029FF01 /* NewSubscribeViewController.m */ = {isa = PBXFileReference; fileEncoding = 4; lastKnownFileType = sourcecode.c.objc; path = NewSubscribeViewController.m; sourceTree = "<group>"; };
		F59C30AA1A9CEB530029FF01 /* CommentTableViewCell.h */ = {isa = PBXFileReference; fileEncoding = 4; lastKnownFileType = sourcecode.c.h; path = CommentTableViewCell.h; sourceTree = "<group>"; };
		F59C30AB1A9CEB530029FF01 /* CommentTableViewCell.m */ = {isa = PBXFileReference; fileEncoding = 4; lastKnownFileType = sourcecode.c.objc; path = CommentTableViewCell.m; sourceTree = "<group>"; };
/* End PBXFileReference section */

/* Begin PBXFrameworksBuildPhase section */
		D64FDA371A964C6F00727EF7 /* Frameworks */ = {
			isa = PBXFrameworksBuildPhase;
			buildActionMask = 2147483647;
			files = (
				D6CBD8CF1A9699C000331AFD /* CoreData.framework in Frameworks */,
				D6CBD8CD1A96998300331AFD /* StoreKit.framework in Frameworks */,
				D64FDA8A1A964E6600727EF7 /* Foundation.framework in Frameworks */,
				D64FDA8E1A964E7200727EF7 /* UIKit.framework in Frameworks */,
				D64FDA9E1A965ABE00727EF7 /* Security.framework in Frameworks */,
				D64FDA9B1A965A7200727EF7 /* CFNetwork.framework in Frameworks */,
				D64FDA991A965A6200727EF7 /* CoreAudio.framework in Frameworks */,
				D64FDA801A964E4100727EF7 /* CoreVideo.framework in Frameworks */,
				D64FDA881A964E5C00727EF7 /* QuartzCore.framework in Frameworks */,
				D64FDA971A965A3E00727EF7 /* MobileCoreServices.framework in Frameworks */,
				D64FDA951A965A3400727EF7 /* AssetsLibrary.framework in Frameworks */,
				D64FDA931A965A2600727EF7 /* libxml2.2.dylib in Frameworks */,
				D64FDA8C1A964E6C00727EF7 /* CoreGraphics.framework in Frameworks */,
				D64FDA861A964E5700727EF7 /* AVFoundation.framework in Frameworks */,
				D64FDA841A964E4C00727EF7 /* AudioToolbox.framework in Frameworks */,
				D64FDA821A964E4600727EF7 /* CoreMedia.framework in Frameworks */,
				D64FDA7E1A964E3A00727EF7 /* OpenGLES.framework in Frameworks */,
				D64FDA7C1A964E3400727EF7 /* CoreTelephony.framework in Frameworks */,
				D64FDA7A1A964E2C00727EF7 /* SystemConfiguration.framework in Frameworks */,
				D64FDA781A964E2500727EF7 /* GLKit.framework in Frameworks */,
				D64FDA761A964E1E00727EF7 /* libxml2.dylib in Frameworks */,
				D64FDA741A964E1300727EF7 /* libsqlite3.dylib in Frameworks */,
				D64FDA721A964E0900727EF7 /* libpthread.dylib in Frameworks */,
				D64FDA701A964E0000727EF7 /* libstdc++.6.0.9.dylib in Frameworks */,
				D64FDA6E1A964DF700727EF7 /* libstdc++.dylib in Frameworks */,
				D64FDA6C1A964DEC00727EF7 /* VideoToolbox.framework in Frameworks */,
				D64FDA6A1A964DE300727EF7 /* libc++.dylib in Frameworks */,
				D64FDA681A964DD700727EF7 /* libicucore.dylib in Frameworks */,
				D64FDA641A964C8000727EF7 /* OpenTok.framework in Frameworks */,
				CAA884DF8AFAD476F8FF2992 /* libPods.a in Frameworks */,
			);
			runOnlyForDeploymentPostprocessing = 0;
		};
		D64FDA501A964C6F00727EF7 /* Frameworks */ = {
			isa = PBXFrameworksBuildPhase;
			buildActionMask = 2147483647;
			files = (
			);
			runOnlyForDeploymentPostprocessing = 0;
		};
/* End PBXFrameworksBuildPhase section */

/* Begin PBXGroup section */
		1ECAC70DCEC57E7F08DB4CD8 /* Pods */ = {
			isa = PBXGroup;
			children = (
				F07175BEF37505A312CF47EF /* Pods.debug.xcconfig */,
				802E61FCEE667901BDE97D05 /* Pods.release.xcconfig */,
			);
			name = Pods;
			sourceTree = "<group>";
		};
		84FDD2C7E26078F8C0540BF8 /* Frameworks */ = {
			isa = PBXGroup;
			children = (
				D6CBD8CE1A9699C000331AFD /* CoreData.framework */,
				D6CBD8CC1A96998300331AFD /* StoreKit.framework */,
				3006D387434D994484C9C87B /* libPods.a */,
			);
			name = Frameworks;
			sourceTree = "<group>";
		};
		D61AED191A97CACC00B2CC8B /* Game Controls */ = {
			isa = PBXGroup;
			children = (
				D61AED1A1A97CB4400B2CC8B /* ControlsViewController.h */,
				D61AED1B1A97CB4400B2CC8B /* ControlsViewController.m */,
			);
			name = "Game Controls";
			sourceTree = "<group>";
		};
		D61AED291A97D5F700B2CC8B /* Comments */ = {
			isa = PBXGroup;
			children = (
				D6CBA1C41A97DF1A00061B89 /* BABFrameObservingInputAccessoryView.h */,
				D6CBA1C51A97DF1A00061B89 /* BABFrameObservingInputAccessoryView.m */,
				D61AED2A1A97D60600B2CC8B /* CommentsViewController.h */,
				D61AED2B1A97D60600B2CC8B /* CommentsViewController.m */,
			);
			name = Comments;
			sourceTree = "<group>";
		};
		D62FD1A21A96A98B00309390 /* NSDate+UTC */ = {
			isa = PBXGroup;
			children = (
				D62FD1A31A96A98B00309390 /* NSDate-UTC.h */,
				D62FD1A41A96A98B00309390 /* NSDate-UTC.m */,
			);
			path = "NSDate+UTC";
			sourceTree = "<group>";
		};
		D62FD1A91A96A9A300309390 /* NSObject+PropertySupport */ = {
			isa = PBXGroup;
			children = (
				D62FD1AA1A96A9A300309390 /* NSObject+PropertySupport.h */,
				D62FD1AB1A96A9A300309390 /* NSObject+PropertySupport.m */,
			);
			name = "NSObject+PropertySupport";
			path = "NSDate+UTC/NSObject+PropertySupport";
			sourceTree = "<group>";
		};
		D62FD1AD1A96AA1100309390 /* NSString+FayeInflectionSupport */ = {
			isa = PBXGroup;
			children = (
				D62FD1AE1A96AA1100309390 /* NSString+FayeInflectionSupport.h */,
				D62FD1AF1A96AA1100309390 /* NSString+FayeInflectionSupport.m */,
			);
			path = "NSString+FayeInflectionSupport";
			sourceTree = "<group>";
		};
		D62FD1B11A96AAE500309390 /* Serialize */ = {
			isa = PBXGroup;
			children = (
				D62FD1B21A96AAE500309390 /* NSData+Serialize.h */,
				D62FD1B31A96AAE500309390 /* NSData+Serialize.m */,
				D62FD1B41A96AAE500309390 /* NSDate+Serialize.h */,
				D62FD1B51A96AAE500309390 /* NSDate+Serialize.m */,
				D62FD1B61A96AAE500309390 /* NSDictionary+KeyTranslation.h */,
				D62FD1B71A96AAE500309390 /* NSDictionary+KeyTranslation.m */,
				D62FD1B81A96AAE500309390 /* NSObject+Serialize.h */,
				D62FD1B91A96AAE500309390 /* NSObject+Serialize.m */,
				D62FD1BA1A96AAE500309390 /* NSString+Serialize.h */,
				D62FD1BB1A96AAE500309390 /* NSString+Serialize.m */,
			);
			path = Serialize;
			sourceTree = "<group>";
		};
		D62FD1C11A96AB1700309390 /* ObjectiveResourceDateFormatter */ = {
			isa = PBXGroup;
			children = (
				D62FD1C21A96AB1700309390 /* ObjectiveResourceDateFormatter.h */,
				D62FD1C31A96AB1700309390 /* ObjectiveResourceDateFormatter.m */,
			);
			path = ObjectiveResourceDateFormatter;
			sourceTree = "<group>";
		};
		D64FDA311A964C6F00727EF7 = {
			isa = PBXGroup;
			children = (
				D64FDA3C1A964C6F00727EF7 /* opentokdemo */,
				D64FDA561A964C6F00727EF7 /* opentokdemoTests */,
				D64FDA3B1A964C6F00727EF7 /* Products */,
				84FDD2C7E26078F8C0540BF8 /* Frameworks */,
				1ECAC70DCEC57E7F08DB4CD8 /* Pods */,
			);
			sourceTree = "<group>";
		};
		D64FDA3B1A964C6F00727EF7 /* Products */ = {
			isa = PBXGroup;
			children = (
				D64FDA3A1A964C6F00727EF7 /* opentokdemo.app */,
				D64FDA531A964C6F00727EF7 /* opentokdemoTests.xctest */,
			);
			name = Products;
			sourceTree = "<group>";
		};
		D64FDA3C1A964C6F00727EF7 /* opentokdemo */ = {
			isa = PBXGroup;
			children = (
				D61AED291A97D5F700B2CC8B /* Comments */,
				D61AED191A97CACC00B2CC8B /* Game Controls */,
				D66081301A96B264001D9968 /* Ressources */,
				D66081291A96ABCB001D9968 /* Faye */,
				D64FDAA01A965AEE00727EF7 /* Subscribe */,
				D64FDA9F1A965AD800727EF7 /* Stream */,
				D64FDA911A9659E600727EF7 /* Frameworks */,
				D64FDA411A964C6F00727EF7 /* AppDelegate.h */,
				D64FDA421A964C6F00727EF7 /* AppDelegate.m */,
				D64FDAB61A965E2500727EF7 /* ChoiceViewController.h */,
				D64FDAB71A965E2500727EF7 /* ChoiceViewController.m */,
				D64FDA4A1A964C6F00727EF7 /* Images.xcassets */,
				D64FDA3D1A964C6F00727EF7 /* Supporting Files */,
				F59C30AA1A9CEB530029FF01 /* CommentTableViewCell.h */,
				F59C30AB1A9CEB530029FF01 /* CommentTableViewCell.m */,
			);
			path = opentokdemo;
			sourceTree = "<group>";
		};
		D64FDA3D1A964C6F00727EF7 /* Supporting Files */ = {
			isa = PBXGroup;
			children = (
				D64FDA3E1A964C6F00727EF7 /* Info.plist */,
				D64FDA3F1A964C6F00727EF7 /* main.m */,
			);
			name = "Supporting Files";
			sourceTree = "<group>";
		};
		D64FDA561A964C6F00727EF7 /* opentokdemoTests */ = {
			isa = PBXGroup;
			children = (
				D64FDA591A964C6F00727EF7 /* opentokdemoTests.m */,
				D64FDA571A964C6F00727EF7 /* Supporting Files */,
			);
			path = opentokdemoTests;
			sourceTree = "<group>";
		};
		D64FDA571A964C6F00727EF7 /* Supporting Files */ = {
			isa = PBXGroup;
			children = (
				D64FDA581A964C6F00727EF7 /* Info.plist */,
			);
			name = "Supporting Files";
			sourceTree = "<group>";
		};
		D64FDA911A9659E600727EF7 /* Frameworks */ = {
			isa = PBXGroup;
			children = (
				D64FDA9C1A965A7E00727EF7 /* Security.framework */,
				D64FDA9A1A965A7200727EF7 /* CFNetwork.framework */,
				D64FDA981A965A6200727EF7 /* CoreAudio.framework */,
				D64FDA961A965A3E00727EF7 /* MobileCoreServices.framework */,
				D64FDA941A965A3400727EF7 /* AssetsLibrary.framework */,
				D64FDA921A965A2600727EF7 /* libxml2.2.dylib */,
				D64FDA8D1A964E7200727EF7 /* UIKit.framework */,
				D64FDA8B1A964E6C00727EF7 /* CoreGraphics.framework */,
				D64FDA891A964E6600727EF7 /* Foundation.framework */,
				D64FDA871A964E5C00727EF7 /* QuartzCore.framework */,
				D64FDA851A964E5700727EF7 /* AVFoundation.framework */,
				D64FDA831A964E4C00727EF7 /* AudioToolbox.framework */,
				D64FDA811A964E4600727EF7 /* CoreMedia.framework */,
				D64FDA7F1A964E4100727EF7 /* CoreVideo.framework */,
				D64FDA7D1A964E3A00727EF7 /* OpenGLES.framework */,
				D64FDA7B1A964E3400727EF7 /* CoreTelephony.framework */,
				D64FDA791A964E2C00727EF7 /* SystemConfiguration.framework */,
				D64FDA771A964E2500727EF7 /* GLKit.framework */,
				D64FDA751A964E1E00727EF7 /* libxml2.dylib */,
				D64FDA731A964E1300727EF7 /* libsqlite3.dylib */,
				D64FDA711A964E0900727EF7 /* libpthread.dylib */,
				D64FDA6F1A964E0000727EF7 /* libstdc++.6.0.9.dylib */,
				D64FDA6D1A964DF700727EF7 /* libstdc++.dylib */,
				D64FDA6B1A964DEC00727EF7 /* VideoToolbox.framework */,
				D64FDA691A964DE300727EF7 /* libc++.dylib */,
				D64FDA671A964DD700727EF7 /* libicucore.dylib */,
				D64FDA631A964C8000727EF7 /* OpenTok.framework */,
			);
			name = Frameworks;
			sourceTree = "<group>";
		};
		D64FDA9F1A965AD800727EF7 /* Stream */ = {
			isa = PBXGroup;
			children = (
				D64FDA441A964C6F00727EF7 /* ViewController.h */,
				D64FDA451A964C6F00727EF7 /* ViewController.m */,
				D66C62811A98060500385A35 /* CreateGameViewController.h */,
				D66C62821A98060500385A35 /* CreateGameViewController.m */,
			);
			name = Stream;
			sourceTree = "<group>";
		};
		D64FDAA01A965AEE00727EF7 /* Subscribe */ = {
			isa = PBXGroup;
			children = (
				F59C30A71A9CE5A20029FF01 /* NewSubscribeViewController.h */,
				F59C30A81A9CE5A20029FF01 /* NewSubscribeViewController.m */,
			);
			name = Subscribe;
			sourceTree = "<group>";
		};
		D66081291A96ABCB001D9968 /* Faye */ = {
			isa = PBXGroup;
			children = (
				D660812A1A96ABD5001D9968 /* FayeClient.h */,
				D660812B1A96ABD5001D9968 /* FayeClient.m */,
				D660812C1A96ABD5001D9968 /* FayeMessage.h */,
				D660812D1A96ABD5001D9968 /* FayeMessage.m */,
				D62FD1C11A96AB1700309390 /* ObjectiveResourceDateFormatter */,
				D62FD1B11A96AAE500309390 /* Serialize */,
				D62FD1AD1A96AA1100309390 /* NSString+FayeInflectionSupport */,
				D62FD1A91A96A9A300309390 /* NSObject+PropertySupport */,
				D62FD1A21A96A98B00309390 /* NSDate+UTC */,
			);
			name = Faye;
			sourceTree = "<group>";
		};
		D66081301A96B264001D9968 /* Ressources */ = {
			isa = PBXGroup;
			children = (
				D66C62901A9BFD6500385A35 /* list.png */,
				D66C628C1A993DA900385A35 /* backB.png */,
				D66C628E1A993EB700385A35 /* commentB.png */,
				D61AED271A97D40700B2CC8B /* inbox.png */,
				D6CBA1D11A97E75B00061B89 /* button.png */,
				D66C62881A990D5B00385A35 /* icon.png */,
				D6CBA1C71A97E60A00061B89 /* left.png */,
				D66C628A1A992EC900385A35 /* controller.png */,
				D6CBA1C81A97E60A00061B89 /* middle.png */,
				D66C62861A990B2000385A35 /* create.png */,
				D6CBA1C91A97E60A00061B89 /* right.png */,
				D6CBA1CA1A97E60A00061B89 /* forward.png */,
				D6CBA1CB1A97E60A00061B89 /* back.png */,
				D6CBA1C21A97DEA600061B89 /* send.png */,
				D61AED251A97D1B300B2CC8B /* x_button@2x.png */,
				D660813A1A97B9A0001D9968 /* IMG_1166.JPG */,
				D66081311A96B26F001D9968 /* red_frame.png */,
				D66081351A96B316001D9968 /* vertical_red.png */,
			);
			name = Ressources;
			sourceTree = "<group>";
		};
/* End PBXGroup section */

/* Begin PBXNativeTarget section */
		D64FDA391A964C6F00727EF7 /* opentokdemo */ = {
			isa = PBXNativeTarget;
			buildConfigurationList = D64FDA5D1A964C6F00727EF7 /* Build configuration list for PBXNativeTarget "opentokdemo" */;
			buildPhases = (
				2A146DE97764AC2A86827253 /* Check Pods Manifest.lock */,
				D64FDA361A964C6F00727EF7 /* Sources */,
				D64FDA371A964C6F00727EF7 /* Frameworks */,
				D64FDA381A964C6F00727EF7 /* Resources */,
				120EE45B84093E6205DE84C2 /* Copy Pods Resources */,
			);
			buildRules = (
			);
			dependencies = (
			);
			name = opentokdemo;
			productName = opentokdemo;
			productReference = D64FDA3A1A964C6F00727EF7 /* opentokdemo.app */;
			productType = "com.apple.product-type.application";
		};
		D64FDA521A964C6F00727EF7 /* opentokdemoTests */ = {
			isa = PBXNativeTarget;
			buildConfigurationList = D64FDA601A964C6F00727EF7 /* Build configuration list for PBXNativeTarget "opentokdemoTests" */;
			buildPhases = (
				D64FDA4F1A964C6F00727EF7 /* Sources */,
				D64FDA501A964C6F00727EF7 /* Frameworks */,
				D64FDA511A964C6F00727EF7 /* Resources */,
			);
			buildRules = (
			);
			dependencies = (
				D64FDA551A964C6F00727EF7 /* PBXTargetDependency */,
			);
			name = opentokdemoTests;
			productName = opentokdemoTests;
			productReference = D64FDA531A964C6F00727EF7 /* opentokdemoTests.xctest */;
			productType = "com.apple.product-type.bundle.unit-test";
		};
/* End PBXNativeTarget section */

/* Begin PBXProject section */
		D64FDA321A964C6F00727EF7 /* Project object */ = {
			isa = PBXProject;
			attributes = {
				LastUpgradeCheck = 0610;
				ORGANIZATIONNAME = "Context Labs Inc";
				TargetAttributes = {
					D64FDA391A964C6F00727EF7 = {
						CreatedOnToolsVersion = 6.1;
						DevelopmentTeam = Y9C92UBHHK;
					};
					D64FDA521A964C6F00727EF7 = {
						CreatedOnToolsVersion = 6.1;
						TestTargetID = D64FDA391A964C6F00727EF7;
					};
				};
			};
			buildConfigurationList = D64FDA351A964C6F00727EF7 /* Build configuration list for PBXProject "opentokdemo" */;
			compatibilityVersion = "Xcode 3.2";
			developmentRegion = English;
			hasScannedForEncodings = 0;
			knownRegions = (
				en,
				Base,
			);
			mainGroup = D64FDA311A964C6F00727EF7;
			productRefGroup = D64FDA3B1A964C6F00727EF7 /* Products */;
			projectDirPath = "";
			projectRoot = "";
			targets = (
				D64FDA391A964C6F00727EF7 /* opentokdemo */,
				D64FDA521A964C6F00727EF7 /* opentokdemoTests */,
			);
		};
/* End PBXProject section */

/* Begin PBXResourcesBuildPhase section */
		D64FDA381A964C6F00727EF7 /* Resources */ = {
			isa = PBXResourcesBuildPhase;
			buildActionMask = 2147483647;
			files = (
				D6CBA1CE1A97E60A00061B89 /* right.png in Resources */,
				D6CBA1CD1A97E60A00061B89 /* middle.png in Resources */,
				D6CBA1CF1A97E60A00061B89 /* forward.png in Resources */,
				D66C62891A990D5B00385A35 /* icon.png in Resources */,
				D64FDA4B1A964C6F00727EF7 /* Images.xcassets in Resources */,
				D66C628B1A992EC900385A35 /* controller.png in Resources */,
				D61AED261A97D1B300B2CC8B /* x_button@2x.png in Resources */,
				D66C62871A990B2000385A35 /* create.png in Resources */,
				D66081331A96B26F001D9968 /* red_frame.png in Resources */,
				D6CBA1C31A97DEA600061B89 /* send.png in Resources */,
				D660813B1A97B9A0001D9968 /* IMG_1166.JPG in Resources */,
				D6CBA1D01A97E60A00061B89 /* back.png in Resources */,
				D66C62911A9BFD6500385A35 /* list.png in Resources */,
				D66C628F1A993EB700385A35 /* commentB.png in Resources */,
				D61AED281A97D40700B2CC8B /* inbox.png in Resources */,
				D6CBA1CC1A97E60A00061B89 /* left.png in Resources */,
				D6CBA1D21A97E75B00061B89 /* button.png in Resources */,
				D66C628D1A993DA900385A35 /* backB.png in Resources */,
				D66081371A96B316001D9968 /* vertical_red.png in Resources */,
			);
			runOnlyForDeploymentPostprocessing = 0;
		};
		D64FDA511A964C6F00727EF7 /* Resources */ = {
			isa = PBXResourcesBuildPhase;
			buildActionMask = 2147483647;
			files = (
			);
			runOnlyForDeploymentPostprocessing = 0;
		};
/* End PBXResourcesBuildPhase section */

/* Begin PBXShellScriptBuildPhase section */
		120EE45B84093E6205DE84C2 /* Copy Pods Resources */ = {
			isa = PBXShellScriptBuildPhase;
			buildActionMask = 2147483647;
			files = (
			);
			inputPaths = (
			);
			name = "Copy Pods Resources";
			outputPaths = (
			);
			runOnlyForDeploymentPostprocessing = 0;
			shellPath = /bin/sh;
			shellScript = "\"${SRCROOT}/Pods/Target Support Files/Pods/Pods-resources.sh\"\n";
			showEnvVarsInLog = 0;
		};
		2A146DE97764AC2A86827253 /* Check Pods Manifest.lock */ = {
			isa = PBXShellScriptBuildPhase;
			buildActionMask = 2147483647;
			files = (
			);
			inputPaths = (
			);
			name = "Check Pods Manifest.lock";
			outputPaths = (
			);
			runOnlyForDeploymentPostprocessing = 0;
			shellPath = /bin/sh;
			shellScript = "diff \"${PODS_ROOT}/../Podfile.lock\" \"${PODS_ROOT}/Manifest.lock\" > /dev/null\nif [[ $? != 0 ]] ; then\n    cat << EOM\nerror: The sandbox is not in sync with the Podfile.lock. Run 'pod install' or update your CocoaPods installation.\nEOM\n    exit 1\nfi\n";
			showEnvVarsInLog = 0;
		};
/* End PBXShellScriptBuildPhase section */

/* Begin PBXSourcesBuildPhase section */
		D64FDA361A964C6F00727EF7 /* Sources */ = {
			isa = PBXSourcesBuildPhase;
			buildActionMask = 2147483647;
			files = (
				F59C30A91A9CE5A20029FF01 /* NewSubscribeViewController.m in Sources */,
				D62FD1C01A96AAE500309390 /* NSString+Serialize.m in Sources */,
				D64FDA461A964C6F00727EF7 /* ViewController.m in Sources */,
				D64FDA431A964C6F00727EF7 /* AppDelegate.m in Sources */,
				D62FD1BE1A96AAE500309390 /* NSDictionary+KeyTranslation.m in Sources */,
				D61AED1C1A97CB4400B2CC8B /* ControlsViewController.m in Sources */,
				D62FD1AC1A96A9A300309390 /* NSObject+PropertySupport.m in Sources */,
				D62FD1BF1A96AAE500309390 /* NSObject+Serialize.m in Sources */,
				D660812F1A96ABD5001D9968 /* FayeMessage.m in Sources */,
				D64FDAB81A965E2500727EF7 /* ChoiceViewController.m in Sources */,
				F59C30AC1A9CEB530029FF01 /* CommentTableViewCell.m in Sources */,
				D61AED2C1A97D60600B2CC8B /* CommentsViewController.m in Sources */,
				D64FDA401A964C6F00727EF7 /* main.m in Sources */,
				D6CBA1C61A97DF1A00061B89 /* BABFrameObservingInputAccessoryView.m in Sources */,
				D62FD1BD1A96AAE500309390 /* NSDate+Serialize.m in Sources */,
				D62FD1B01A96AA1100309390 /* NSString+FayeInflectionSupport.m in Sources */,
				D66C62831A98060500385A35 /* CreateGameViewController.m in Sources */,
				D62FD1C41A96AB1700309390 /* ObjectiveResourceDateFormatter.m in Sources */,
				D62FD1BC1A96AAE500309390 /* NSData+Serialize.m in Sources */,
				D62FD1A71A96A98B00309390 /* NSDate-UTC.m in Sources */,
				D660812E1A96ABD5001D9968 /* FayeClient.m in Sources */,
			);
			runOnlyForDeploymentPostprocessing = 0;
		};
		D64FDA4F1A964C6F00727EF7 /* Sources */ = {
			isa = PBXSourcesBuildPhase;
			buildActionMask = 2147483647;
			files = (
				D64FDA5A1A964C6F00727EF7 /* opentokdemoTests.m in Sources */,
			);
			runOnlyForDeploymentPostprocessing = 0;
		};
/* End PBXSourcesBuildPhase section */

/* Begin PBXTargetDependency section */
		D64FDA551A964C6F00727EF7 /* PBXTargetDependency */ = {
			isa = PBXTargetDependency;
			target = D64FDA391A964C6F00727EF7 /* opentokdemo */;
			targetProxy = D64FDA541A964C6F00727EF7 /* PBXContainerItemProxy */;
		};
/* End PBXTargetDependency section */

/* Begin XCBuildConfiguration section */
		D64FDA5B1A964C6F00727EF7 /* Debug */ = {
			isa = XCBuildConfiguration;
			buildSettings = {
				ALWAYS_SEARCH_USER_PATHS = NO;
				CLANG_CXX_LANGUAGE_STANDARD = "gnu++0x";
				CLANG_CXX_LIBRARY = "libc++";
				CLANG_ENABLE_MODULES = YES;
				CLANG_ENABLE_OBJC_ARC = YES;
				CLANG_WARN_BOOL_CONVERSION = YES;
				CLANG_WARN_CONSTANT_CONVERSION = YES;
				CLANG_WARN_DIRECT_OBJC_ISA_USAGE = YES_ERROR;
				CLANG_WARN_EMPTY_BODY = YES;
				CLANG_WARN_ENUM_CONVERSION = YES;
				CLANG_WARN_INT_CONVERSION = YES;
				CLANG_WARN_OBJC_ROOT_CLASS = YES_ERROR;
				CLANG_WARN_UNREACHABLE_CODE = YES;
				CLANG_WARN__DUPLICATE_METHOD_MATCH = YES;
				"CODE_SIGN_IDENTITY[sdk=iphoneos*]" = "iPhone Developer";
				COPY_PHASE_STRIP = NO;
				EMBEDDED_CONTENT_CONTAINS_SWIFT = YES;
				ENABLE_STRICT_OBJC_MSGSEND = YES;
				GCC_C_LANGUAGE_STANDARD = gnu99;
				GCC_DYNAMIC_NO_PIC = NO;
				GCC_OPTIMIZATION_LEVEL = 0;
				GCC_PREPROCESSOR_DEFINITIONS = (
					"DEBUG=1",
					"$(inherited)",
				);
				GCC_SYMBOLS_PRIVATE_EXTERN = NO;
				GCC_WARN_64_TO_32_BIT_CONVERSION = YES;
				GCC_WARN_ABOUT_RETURN_TYPE = YES_ERROR;
				GCC_WARN_UNDECLARED_SELECTOR = YES;
				GCC_WARN_UNINITIALIZED_AUTOS = YES_AGGRESSIVE;
				GCC_WARN_UNUSED_FUNCTION = YES;
				GCC_WARN_UNUSED_VARIABLE = YES;
				IPHONEOS_DEPLOYMENT_TARGET = 8.1;
				MTL_ENABLE_DEBUG_INFO = YES;
				ONLY_ACTIVE_ARCH = YES;
				OTHER_LDFLAGS = "$(inherited)";
				SDKROOT = iphoneos;
			};
			name = Debug;
		};
		D64FDA5C1A964C6F00727EF7 /* Release */ = {
			isa = XCBuildConfiguration;
			buildSettings = {
				ALWAYS_SEARCH_USER_PATHS = NO;
				CLANG_CXX_LANGUAGE_STANDARD = "gnu++0x";
				CLANG_CXX_LIBRARY = "libc++";
				CLANG_ENABLE_MODULES = YES;
				CLANG_ENABLE_OBJC_ARC = YES;
				CLANG_WARN_BOOL_CONVERSION = YES;
				CLANG_WARN_CONSTANT_CONVERSION = YES;
				CLANG_WARN_DIRECT_OBJC_ISA_USAGE = YES_ERROR;
				CLANG_WARN_EMPTY_BODY = YES;
				CLANG_WARN_ENUM_CONVERSION = YES;
				CLANG_WARN_INT_CONVERSION = YES;
				CLANG_WARN_OBJC_ROOT_CLASS = YES_ERROR;
				CLANG_WARN_UNREACHABLE_CODE = YES;
				CLANG_WARN__DUPLICATE_METHOD_MATCH = YES;
				"CODE_SIGN_IDENTITY[sdk=iphoneos*]" = "iPhone Developer";
				COPY_PHASE_STRIP = YES;
				EMBEDDED_CONTENT_CONTAINS_SWIFT = YES;
				ENABLE_NS_ASSERTIONS = NO;
				ENABLE_STRICT_OBJC_MSGSEND = YES;
				GCC_C_LANGUAGE_STANDARD = gnu99;
				GCC_WARN_64_TO_32_BIT_CONVERSION = YES;
				GCC_WARN_ABOUT_RETURN_TYPE = YES_ERROR;
				GCC_WARN_UNDECLARED_SELECTOR = YES;
				GCC_WARN_UNINITIALIZED_AUTOS = YES_AGGRESSIVE;
				GCC_WARN_UNUSED_FUNCTION = YES;
				GCC_WARN_UNUSED_VARIABLE = YES;
				IPHONEOS_DEPLOYMENT_TARGET = 8.1;
				MTL_ENABLE_DEBUG_INFO = NO;
				SDKROOT = iphoneos;
				VALIDATE_PRODUCT = YES;
			};
			name = Release;
		};
		D64FDA5E1A964C6F00727EF7 /* Debug */ = {
			isa = XCBuildConfiguration;
			baseConfigurationReference = F07175BEF37505A312CF47EF /* Pods.debug.xcconfig */;
			buildSettings = {
				ASSETCATALOG_COMPILER_APPICON_NAME = AppIcon;
				ASSETCATALOG_COMPILER_LAUNCHIMAGE_NAME = LaunchImage;
				CLANG_ENABLE_MODULES = YES;
				CLANG_ENABLE_OBJC_ARC = YES;
				CODE_SIGN_IDENTITY = "iPhone Developer";
				"CODE_SIGN_IDENTITY[sdk=iphoneos*]" = "iPhone Developer";
				DEFINES_MODULE = YES;
				EMBEDDED_CONTENT_CONTAINS_SWIFT = YES;
				FRAMEWORK_SEARCH_PATHS = (
					"$(inherited)",
					"$(PROJECT_DIR)/opentokdemo",
				);
				INFOPLIST_FILE = opentokdemo/Info.plist;
				LD_RUNPATH_SEARCH_PATHS = "$(inherited) @executable_path/Frameworks";
				LIBRARY_SEARCH_PATHS = "";
				ONLY_ACTIVE_ARCH = YES;
				OTHER_LDFLAGS = "$(inherited)";
				PRODUCT_NAME = "$(TARGET_NAME)";
				PROVISIONING_PROFILE = "";
				SWIFT_OBJC_BRIDGING_HEADER = "opentokdemo/opentokdemo-Bridging-Header.h";
				SWIFT_OPTIMIZATION_LEVEL = "-Onone";
				VALID_ARCHS = "armv7 armv7s arm64";
			};
			name = Debug;
		};
		D64FDA5F1A964C6F00727EF7 /* Release */ = {
			isa = XCBuildConfiguration;
			baseConfigurationReference = 802E61FCEE667901BDE97D05 /* Pods.release.xcconfig */;
			buildSettings = {
				ASSETCATALOG_COMPILER_APPICON_NAME = AppIcon;
				ASSETCATALOG_COMPILER_LAUNCHIMAGE_NAME = LaunchImage;
				CLANG_ENABLE_MODULES = YES;
				CLANG_ENABLE_OBJC_ARC = YES;
				CODE_SIGN_IDENTITY = "iPhone Developer";
				"CODE_SIGN_IDENTITY[sdk=iphoneos*]" = "iPhone Developer";
				DEFINES_MODULE = YES;
				EMBEDDED_CONTENT_CONTAINS_SWIFT = YES;
				FRAMEWORK_SEARCH_PATHS = (
					"$(inherited)",
					"$(PROJECT_DIR)/opentokdemo",
				);
				INFOPLIST_FILE = opentokdemo/Info.plist;
				LD_RUNPATH_SEARCH_PATHS = "$(inherited) @executable_path/Frameworks";
				LIBRARY_SEARCH_PATHS = "";
				ONLY_ACTIVE_ARCH = YES;
				OTHER_LDFLAGS = "$(inherited)";
				PRODUCT_NAME = "$(TARGET_NAME)";
				PROVISIONING_PROFILE = "";
				SWIFT_OBJC_BRIDGING_HEADER = "opentokdemo/opentokdemo-Bridging-Header.h";
				VALID_ARCHS = "armv7 armv7s arm64";
			};
			name = Release;
		};
		D64FDA611A964C6F00727EF7 /* Debug */ = {
			isa = XCBuildConfiguration;
			buildSettings = {
				BUNDLE_LOADER = "$(TEST_HOST)";
				FRAMEWORK_SEARCH_PATHS = (
					"$(SDKROOT)/Developer/Library/Frameworks",
					"$(inherited)",
				);
				GCC_PREPROCESSOR_DEFINITIONS = (
					"DEBUG=1",
					"$(inherited)",
				);
				INFOPLIST_FILE = opentokdemoTests/Info.plist;
				LD_RUNPATH_SEARCH_PATHS = "$(inherited) @executable_path/Frameworks @loader_path/Frameworks";
				PRODUCT_NAME = "$(TARGET_NAME)";
				TEST_HOST = "$(BUILT_PRODUCTS_DIR)/opentokdemo.app/opentokdemo";
			};
			name = Debug;
		};
		D64FDA621A964C6F00727EF7 /* Release */ = {
			isa = XCBuildConfiguration;
			buildSettings = {
				BUNDLE_LOADER = "$(TEST_HOST)";
				FRAMEWORK_SEARCH_PATHS = (
					"$(SDKROOT)/Developer/Library/Frameworks",
					"$(inherited)",
				);
				INFOPLIST_FILE = opentokdemoTests/Info.plist;
				LD_RUNPATH_SEARCH_PATHS = "$(inherited) @executable_path/Frameworks @loader_path/Frameworks";
				PRODUCT_NAME = "$(TARGET_NAME)";
				TEST_HOST = "$(BUILT_PRODUCTS_DIR)/opentokdemo.app/opentokdemo";
			};
			name = Release;
		};
/* End XCBuildConfiguration section */

/* Begin XCConfigurationList section */
		D64FDA351A964C6F00727EF7 /* Build configuration list for PBXProject "opentokdemo" */ = {
			isa = XCConfigurationList;
			buildConfigurations = (
				D64FDA5B1A964C6F00727EF7 /* Debug */,
				D64FDA5C1A964C6F00727EF7 /* Release */,
			);
			defaultConfigurationIsVisible = 0;
			defaultConfigurationName = Release;
		};
		D64FDA5D1A964C6F00727EF7 /* Build configuration list for PBXNativeTarget "opentokdemo" */ = {
			isa = XCConfigurationList;
			buildConfigurations = (
				D64FDA5E1A964C6F00727EF7 /* Debug */,
				D64FDA5F1A964C6F00727EF7 /* Release */,
			);
			defaultConfigurationIsVisible = 0;
			defaultConfigurationName = Release;
		};
		D64FDA601A964C6F00727EF7 /* Build configuration list for PBXNativeTarget "opentokdemoTests" */ = {
			isa = XCConfigurationList;
			buildConfigurations = (
				D64FDA611A964C6F00727EF7 /* Debug */,
				D64FDA621A964C6F00727EF7 /* Release */,
			);
			defaultConfigurationIsVisible = 0;
			defaultConfigurationName = Release;
		};
/* End XCConfigurationList section */
	};
	rootObject = D64FDA321A964C6F00727EF7 /* Project object */;
}
